
Microsoft Visual Studio Solution File, Format Version 12.00
# Visual Studio Version 16
VisualStudioVersion = 16.0.29409.12
MinimumVisualStudioVersion = 10.0.40219.1
Project("{FAE04EC0-301F-11D3-BF4B-00C04F79EFBC}") = "GongFuTimer.Android", "GongFuTimer.Android\GongFuTimer.Android.csproj", "{BFE753C1-E0CF-46AE-814C-3C0AB4F23D41}"
EndProject
Project("{FAE04EC0-301F-11D3-BF4B-00C04F79EFBC}") = "GongFuTimer.iOS", "GongFuTimer.iOS\GongFuTimer.iOS.csproj", "{637C5CA5-0BD5-4E8B-9D3F-473CA3012428}"
EndProject
Project("{FAE04EC0-301F-11D3-BF4B-00C04F79EFBC}") = "GongFuTimer", "GongFuTimer\GongFuTimer.csproj", "{9FF7E4B2-3C58-4FAE-8511-2332E38FFA0F}"
EndProject
Global
	GlobalSection(SolutionConfigurationPlatforms) = preSolution
		Debug|Any CPU = Debug|Any CPU
		Debug|iPhone = Debug|iPhone
		Debug|iPhoneSimulator = Debug|iPhoneSimulator
		Release|Any CPU = Release|Any CPU
		Release|iPhone = Release|iPhone
		Release|iPhoneSimulator = Release|iPhoneSimulator
	EndGlobalSection
	GlobalSection(ProjectConfigurationPlatforms) = postSolution
		{BFE753C1-E0CF-46AE-814C-3C0AB4F23D41}.Debug|Any CPU.ActiveCfg = Debug|Any CPU
		{BFE753C1-E0CF-46AE-814C-3C0AB4F23D41}.Debug|Any CPU.Build.0 = Debug|Any CPU
		{BFE753C1-E0CF-46AE-814C-3C0AB4F23D41}.Debug|Any CPU.Deploy.0 = Debug|Any CPU
		{BFE753C1-E0CF-46AE-814C-3C0AB4F23D41}.Debug|iPhone.ActiveCfg = Debug|Any CPU
		{BFE753C1-E0CF-46AE-814C-3C0AB4F23D41}.Debug|iPhone.Build.0 = Debug|Any CPU
		{BFE753C1-E0CF-46AE-814C-3C0AB4F23D41}.Debug|iPhone.Deploy.0 = Debug|Any CPU
		{BFE753C1-E0CF-46AE-814C-3C0AB4F23D41}.Debug|iPhoneSimulator.ActiveCfg = Debug|Any CPU
		{BFE753C1-E0CF-46AE-814C-3C0AB4F23D41}.Debug|iPhoneSimulator.Build.0 = Debug|Any CPU
		{BFE753C1-E0CF-46AE-814C-3C0AB4F23D41}.Debug|iPhoneSimulator.Deploy.0 = Debug|Any CPU
		{BFE753C1-E0CF-46AE-814C-3C0AB4F23D41}.Release|Any CPU.ActiveCfg = Release|Any CPU
		{BFE753C1-E0CF-46AE-814C-3C0AB4F23D41}.Release|Any CPU.Build.0 = Release|Any CPU
		{BFE753C1-E0CF-46AE-814C-3C0AB4F23D41}.Release|Any CPU.Deploy.0 = Release|Any CPU
		{BFE753C1-E0CF-46AE-814C-3C0AB4F23D41}.Release|iPhone.ActiveCfg = Release|Any CPU
		{BFE753C1-E0CF-46AE-814C-3C0AB4F23D41}.Release|iPhone.Build.0 = Release|Any CPU
		{BFE753C1-E0CF-46AE-814C-3C0AB4F23D41}.Release|iPhone.Deploy.0 = Release|Any CPU
		{BFE753C1-E0CF-46AE-814C-3C0AB4F23D41}.Release|iPhoneSimulator.ActiveCfg = Release|Any CPU
		{BFE753C1-E0CF-46AE-814C-3C0AB4F23D41}.Release|iPhoneSimulator.Build.0 = Release|Any CPU
		{BFE753C1-E0CF-46AE-814C-3C0AB4F23D41}.Release|iPhoneSimulator.Deploy.0 = Release|Any CPU
		{637C5CA5-0BD5-4E8B-9D3F-473CA3012428}.Debug|Any CPU.ActiveCfg = Debug|iPhoneSimulator
		{637C5CA5-0BD5-4E8B-9D3F-473CA3012428}.Debug|Any CPU.Build.0 = Debug|iPhoneSimulator
		{637C5CA5-0BD5-4E8B-9D3F-473CA3012428}.Debug|Any CPU.Deploy.0 = Debug|iPhoneSimulator
		{637C5CA5-0BD5-4E8B-9D3F-473CA3012428}.Debug|iPhone.ActiveCfg = Debug|iPhone
		{637C5CA5-0BD5-4E8B-9D3F-473CA3012428}.Debug|iPhone.Build.0 = Debug|iPhone
		{637C5CA5-0BD5-4E8B-9D3F-473CA3012428}.Debug|iPhone.Deploy.0 = Debug|iPhone
		{637C5CA5-0BD5-4E8B-9D3F-473CA3012428}.Debug|iPhoneSimulator.ActiveCfg = Debug|iPhoneSimulator
		{637C5CA5-0BD5-4E8B-9D3F-473CA3012428}.Debug|iPhoneSimulator.Build.0 = Debug|iPhoneSimulator
		{637C5CA5-0BD5-4E8B-9D3F-473CA3012428}.Debug|iPhoneSimulator.Deploy.0 = Debug|iPhoneSimulator
		{637C5CA5-0BD5-4E8B-9D3F-473CA3012428}.Release|Any CPU.ActiveCfg = Release|iPhone
		{637C5CA5-0BD5-4E8B-9D3F-473CA3012428}.Release|Any CPU.Build.0 = Release|iPhone
		{637C5CA5-0BD5-4E8B-9D3F-473CA3012428}.Release|Any CPU.Deploy.0 = Release|iPhone
		{637C5CA5-0BD5-4E8B-9D3F-473CA3012428}.Release|iPhone.ActiveCfg = Release|iPhone
		{637C5CA5-0BD5-4E8B-9D3F-473CA3012428}.Release|iPhone.Build.0 = Release|iPhone
		{637C5CA5-0BD5-4E8B-9D3F-473CA3012428}.Release|iPhone.Deploy.0 = Release|iPhone
		{637C5CA5-0BD5-4E8B-9D3F-473CA3012428}.Release|iPhoneSimulator.ActiveCfg = Release|iPhoneSimulator
		{637C5CA5-0BD5-4E8B-9D3F-473CA3012428}.Release|iPhoneSimulator.Build.0 = Release|iPhoneSimulator
		{637C5CA5-0BD5-4E8B-9D3F-473CA3012428}.Release|iPhoneSimulator.Deploy.0 = Release|iPhoneSimulator
		{9FF7E4B2-3C58-4FAE-8511-2332E38FFA0F}.Debug|Any CPU.ActiveCfg = Debug|Any CPU
		{9FF7E4B2-3C58-4FAE-8511-2332E38FFA0F}.Debug|Any CPU.Build.0 = Debug|Any CPU
		{9FF7E4B2-3C58-4FAE-8511-2332E38FFA0F}.Debug|Any CPU.Deploy.0 = Debug|Any CPU
		{9FF7E4B2-3C58-4FAE-8511-2332E38FFA0F}.Debug|iPhone.ActiveCfg = Debug|Any CPU
		{9FF7E4B2-3C58-4FAE-8511-2332E38FFA0F}.Debug|iPhone.Build.0 = Debug|Any CPU
		{9FF7E4B2-3C58-4FAE-8511-2332E38FFA0F}.Debug|iPhone.Deploy.0 = Debug|Any CPU
		{9FF7E4B2-3C58-4FAE-8511-2332E38FFA0F}.Debug|iPhoneSimulator.ActiveCfg = Debug|Any CPU
		{9FF7E4B2-3C58-4FAE-8511-2332E38FFA0F}.Debug|iPhoneSimulator.Build.0 = Debug|Any CPU
		{9FF7E4B2-3C58-4FAE-8511-2332E38FFA0F}.Debug|iPhoneSimulator.Deploy.0 = Debug|Any CPU
		{9FF7E4B2-3C58-4FAE-8511-2332E38FFA0F}.Release|Any CPU.ActiveCfg = Release|Any CPU
		{9FF7E4B2-3C58-4FAE-8511-2332E38FFA0F}.Release|Any CPU.Build.0 = Release|Any CPU
		{9FF7E4B2-3C58-4FAE-8511-2332E38FFA0F}.Release|Any CPU.Deploy.0 = Release|Any CPU
		{9FF7E4B2-3C58-4FAE-8511-2332E38FFA0F}.Release|iPhone.ActiveCfg = Release|Any CPU
		{9FF7E4B2-3C58-4FAE-8511-2332E38FFA0F}.Release|iPhone.Build.0 = Release|Any CPU
		{9FF7E4B2-3C58-4FAE-8511-2332E38FFA0F}.Release|iPhone.Deploy.0 = Release|Any CPU
		{9FF7E4B2-3C58-4FAE-8511-2332E38FFA0F}.Release|iPhoneSimulator.ActiveCfg = Release|Any CPU
		{9FF7E4B2-3C58-4FAE-8511-2332E38FFA0F}.Release|iPhoneSimulator.Build.0 = Release|Any CPU
		{9FF7E4B2-3C58-4FAE-8511-2332E38FFA0F}.Release|iPhoneSimulator.Deploy.0 = Release|Any CPU
	EndGlobalSection
	GlobalSection(SolutionProperties) = preSolution
		HideSolutionNode = FALSE
	EndGlobalSection
	GlobalSection(ExtensibilityGlobals) = postSolution
		SolutionGuid = {8416B220-26FF-4EDB-8B64-288CD22FEA44}
	EndGlobalSection
EndGlobal
